cloud.google.com/go v0.105.0 h1:DNtEKRBAAzeS4KyIory52wWHuClNaXJ5x1F7xa4q+5Y=
cloud.google.com/go/accessapproval v1.5.0 h1:/nTivgnV/n1CaAeo+ekGexTYUsKEU9jUVkoY5359+3Q=
cloud.google.com/go/accesscontextmanager v1.4.0 h1:CFhNhU7pcD11cuDkQdrE6PQJgv0EXNKNv06jIzbLlCU=
cloud.google.com/go/aiplatform v1.27.0 h1:DBi3Jk9XjCJ4pkkLM4NqKgj3ozUL1wq4l+d3/jTGXAI=
cloud.google.com/go/analytics v0.12.0 h1:NKw6PpQi6V1O+KsjuTd+bhip9d0REYu4NevC45vtGp8=
cloud.google.com/go/apigateway v1.4.0 h1:IIoXKR7FKrEAQhMTz5hK2wiDz2WNFHS7eVr/L1lE/rM=
cloud.google.com/go/apigeeconnect v1.4.0 h1:AONoTYJviyv1vS4IkvWzq69gEVdvHx35wKXc+e6wjZQ=
cloud.google.com/go/appengine v1.5.0 h1:lmG+O5oaR9xNwaRBwE2XoMhwQHsHql5IoiGr1ptdDwU=
cloud.google.com/go/area120 v0.6.0 h1:TCMhwWEWhCn8d44/Zs7UCICTWje9j3HuV6nVGMjdpYw=
cloud.google.com/go/artifactregistry v1.9.0 h1:3d0LRAU1K6vfqCahhl9fx2oGHcq+s5gftdix4v8Ibrc=
cloud.google.com/go/asset v1.10.0 h1:aCrlaLGJWTODJX4G56ZYzJefITKEWNfbjjtHSzWpxW0=
cloud.google.com/go/assuredworkloads v1.9.0 h1:hhIdCOowsT1GG5eMCIA0OwK6USRuYTou/1ZeNxCSRtA=
cloud.google.com/go/automl v1.8.0 h1:BMioyXSbg7d7xLibn47cs0elW6RT780IUWr42W8rp2Q=
cloud.google.com/go/baremetalsolution v0.4.0 h1:g9KO6SkakcYPcc/XjAzeuUrEOXlYPnMpuiaywYaGrmQ=
cloud.google.com/go/batch v0.4.0 h1:1jvEBY55OH4Sd2FxEXQfxGExFWov1A/IaRe+Z5Z71Fw=
cloud.google.com/go/beyondcorp v0.3.0 h1:w+4kThysgl0JiKshi2MKDCg2NZgOyqOI0wq2eBZyrzA=
cloud.google.com/go/bigquery v1.44.0 h1:Wi4dITi+cf9VYp4VH2T9O41w0kCW0uQTELq2Z6tukN0=
cloud.google.com/go/billing v1.7.0 h1:Xkii76HWELHwBtkQVZvqmSo9GTr0O+tIbRNnMcGdlg4=
cloud.google.com/go/binaryauthorization v1.4.0 h1:pL70vXWn9TitQYXBWTK2abHl2JHLwkFRjYw6VflRqEA=
cloud.google.com/go/certificatemanager v1.4.0 h1:tzbR4UHBbgsewMWUD93JHi8EBi/gHBoSAcY1/sThFGk=
cloud.google.com/go/channel v1.9.0 h1:pNuUlZx0Jb0Ts9P312bmNMuH5IiFWIR4RUtLb70Ke5s=
cloud.google.com/go/cloudbuild v1.4.0 h1:TAAmCmAlOJ4uNBu6zwAjwhyl/7fLHHxIEazVhr3QBbQ=
cloud.google.com/go/clouddms v1.4.0 h1:UhzHIlgFfMr6luVYVNydw/pl9/U5kgtjCMJHnSvoVws=
cloud.google.com/go/cloudtasks v1.8.0 h1:faUiUgXjW8yVZ7XMnKHKm1WE4OldPBUWWfIRN/3z1dc=
cloud.google.com/go/compute v1.15.1 h1:7UGq3QknM33pw5xATlpzeoomNxsacIVvTqTTvbfajmE=
cloud.google.com/go/compute/metadata v0.2.3 h1:mg4jlk7mCAj6xXp9UJ4fjI9VUI5rubuGBW5aJ7UnBMY=
cloud.google.com/go/contactcenterinsights v1.4.0 h1:tTQLI/ZvguUf9Hv+36BkG2+/PeC8Ol1q4pBW+tgCx0A=
cloud.google.com/go/container v1.7.0 h1:nbEK/59GyDRKKlo1SqpohY1TK8LmJ2XNcvS9Gyom2A0=
cloud.google.com/go/containeranalysis v0.6.0 h1:2824iym832ljKdVpCBnpqm5K94YT/uHTVhNF+dRTXPI=
cloud.google.com/go/datacatalog v1.8.0 h1:6kZ4RIOW/uT7QWC5SfPfq/G8sYzr/v+UOmOAxy4Z1TE=
cloud.google.com/go/dataflow v0.7.0 h1:CW3541Fm7KPTyZjJdnX6NtaGXYFn5XbFC5UcjgALKvU=
cloud.google.com/go/dataform v0.5.0 h1:vLwowLF2ZB5J5gqiZCzv076lDI/Rd7zYQQFu5XO1PSg=
cloud.google.com/go/datafusion v1.5.0 h1:j5m2hjWovTZDTQak4MJeXAR9yN7O+zMfULnjGw/OOLg=
cloud.google.com/go/datalabeling v0.6.0 h1:dp8jOF21n/7jwgo/uuA0RN8hvLcKO4q6s/yvwevs2ZM=
cloud.google.com/go/dataplex v1.4.0 h1:cNxeA2DiWliQGi21kPRqnVeQ5xFhNoEjPRt1400Pm8Y=
cloud.google.com/go/dataproc v1.8.0 h1:gVOqNmElfa6n/ccG/QDlfurMWwrK3ezvy2b2eDoCmS0=
cloud.google.com/go/dataqna v0.6.0 h1:gx9jr41ytcA3dXkbbd409euEaWtofCVXYBvJz3iYm18=
cloud.google.com/go/datastore v1.10.0 h1:4siQRf4zTiAVt/oeH4GureGkApgb2vtPQAtOmhpqQwE=
cloud.google.com/go/datastream v1.5.0 h1:PgIgbhedBtYBU6POGXFMn2uSl9vpqubc3ewTNdcU8Mk=
cloud.google.com/go/deploy v1.5.0 h1:kI6dxt8Ml0is/x7YZjLveTvR7YPzXAUD/8wQZ2nH5zA=
cloud.google.com/go/dialogflow v1.19.0 h1:HYHVOkoxQ9bSfNIelSZYNAtUi4CeSrCnROyOsbOqPq8=
cloud.google.com/go/dlp v1.7.0 h1:9I4BYeJSVKoSKgjr70fLdRDumqcUeVmHV4fd5f9LR6Y=
cloud.google.com/go/documentai v1.10.0 h1:jfq09Fdjtnpnmt/MLyf6A3DM3ynb8B2na0K+vSXvpFM=
cloud.google.com/go/domains v0.7.0 h1:pu3JIgC1rswIqi5romW0JgNO6CTUydLYX8zyjiAvO1c=
cloud.google.com/go/edgecontainer v0.2.0 h1:hd6J2n5dBBRuAqnNUEsKWrp6XNPKsaxwwIyzOPZTokk=
cloud.google.com/go/errorreporting v0.3.0 h1:kj1XEWMu8P0qlLhm3FwcaFsUvXChV/OraZwA70trRR0=
cloud.google.com/go/essentialcontacts v1.4.0 h1:b6csrQXCHKQmfo9h3dG/pHyoEh+fQG1Yg78a53LAviY=
cloud.google.com/go/eventarc v1.8.0 h1:AgCqrmMMIcel5WWKkzz5EkCUKC3Rl5LNMMYsS+LvsI0=
cloud.google.com/go/filestore v1.4.0 h1:yjKOpzvqtDmL5AXbKttLc8j0hL20kuC1qPdy5HPcxp0=
cloud.google.com/go/firestore v1.9.0 h1:IBlRyxgGySXu5VuW0RgGFlTtLukSnNkpDiEOMkQkmpA=
cloud.google.com/go/functions v1.9.0 h1:35tgv1fQOtvKqH/uxJMzX3w6usneJ0zXpsFr9KAVhNE=
cloud.google.com/go/gaming v1.8.0 h1:97OAEQtDazAJD7yh/kvQdSCQuTKdR0O+qWAJBZJ4xiA=
cloud.google.com/go/gkebackup v0.3.0 h1:4K+jiv4ocqt1niN8q5Imd8imRoXBHTrdnJVt/uFFxF4=
cloud.google.com/go/gkeconnect v0.6.0 h1:zAcvDa04tTnGdu6TEZewaLN2tdMtUOJJ7fEceULjguA=
cloud.google.com/go/gkehub v0.10.0 h1:JTcTaYQRGsVm+qkah7WzHb6e9sf1C0laYdRPn9aN+vg=
cloud.google.com/go/gkemulticloud v0.4.0 h1:8F1NhJj8ucNj7lK51UZMtAjSWTgP1zO18XF6vkfiPPU=
cloud.google.com/go/gsuiteaddons v1.4.0 h1:TGT2oGmO5q3VH6SjcrlgPUWI0njhYv4kywLm6jag0to=
cloud.google.com/go/iam v0.8.0 h1:E2osAkZzxI/+8pZcxVLcDtAQx/u+hZXVryUaYQ5O0Kk=
cloud.google.com/go/iap v1.5.0 h1:BGEXovwejOCt1zDk8hXq0bOhhRu9haXKWXXXp2B4wBM=
cloud.google.com/go/ids v1.2.0 h1:LncHK4HHucb5Du310X8XH9/ICtMwZ2PCfK0ScjWiJoY=
cloud.google.com/go/iot v1.4.0 h1:Y9+oZT9jD4GUZzORXTU45XsnQrhxmDT+TFbPil6pRVQ=
cloud.google.com/go/kms v1.6.0 h1:OWRZzrPmOZUzurjI2FBGtgY2mB1WaJkqhw6oIwSj0Yg=
cloud.google.com/go/language v1.8.0 h1:3Wa+IUMamL4JH3Zd3cDZUHpwyqplTACt6UZKRD2eCL4=
cloud.google.com/go/lifesciences v0.6.0 h1:tIqhivE2LMVYkX0BLgG7xL64oNpDaFFI7teunglt1tI=
cloud.google.com/go/logging v1.6.1 h1:ZBsZK+JG+oCDT+vaxwqF2egKNRjz8soXiS6Xv79benI=
cloud.google.com/go/longrunning v0.3.0 h1:NjljC+FYPV3uh5/OwWT6pVU+doBqMg2x/rZlE+CamDs=
cloud.google.com/go/managedidentities v1.4.0 h1:3Kdajn6X25yWQFhFCErmKSYTSvkEd3chJROny//F1A0=
cloud.google.com/go/maps v0.1.0 h1:kLReRbclTgJefw2fcCbdLPLhPj0U6UUWN10ldG8sdOU=
cloud.google.com/go/mediatranslation v0.6.0 h1:qAJzpxmEX+SeND10Y/4868L5wfZpo4Y3BIEnIieP4dk=
cloud.google.com/go/memcache v1.7.0 h1:yLxUzJkZVSH2kPaHut7k+7sbIBFpvSh1LW9qjM2JDjA=
cloud.google.com/go/metastore v1.8.0 h1:3KcShzqWdqxrDEXIBWpYJpOOrgpDj+HlBi07Grot49Y=
cloud.google.com/go/monitoring v1.8.0 h1:c9riaGSPQ4dUKWB+M1Fl0N+iLxstMbCktdEwYSPGDvA=
cloud.google.com/go/networkconnectivity v1.7.0 h1:BVdIKaI68bihnXGdCVL89Jsg9kq2kg+II30fjVqo62E=
cloud.google.com/go/networkmanagement v1.5.0 h1:mDHA3CDW00imTvC5RW6aMGsD1bH+FtKwZm/52BxaiMg=
cloud.google.com/go/networksecurity v0.6.0 h1:qDEX/3sipg9dS5JYsAY+YvgTjPR63cozzAWop8oZS94=
cloud.google.com/go/notebooks v1.5.0 h1:AC8RPjNvel3ExgXjO1YOAz+teg9+j+89TNxa7pIZfww=
cloud.google.com/go/optimization v1.2.0 h1:7PxOq9VTT7TMib/6dMoWpMvWS2E4dJEvtYzjvBreaec=
cloud.google.com/go/orchestration v1.4.0 h1:39d6tqvNjd/wsSub1Bn4cEmrYcet5Ur6xpaN+SxOxtY=
cloud.google.com/go/orgpolicy v1.5.0 h1:erF5PHqDZb6FeFrUHiYj2JK2BMhsk8CyAg4V4amJ3rE=
cloud.google.com/go/osconfig v1.10.0 h1:NO0RouqCOM7M2S85Eal6urMSSipWwHU8evzwS+siqUI=
cloud.google.com/go/oslogin v1.7.0 h1:pKGDPfeZHDybtw48WsnVLjoIPMi9Kw62kUE5TXCLCN4=
cloud.google.com/go/phishingprotection v0.6.0 h1:OrwHLSRSZyaiOt3tnY33dsKSedxbMzsXvqB21okItNQ=
cloud.google.com/go/policytroubleshooter v1.4.0 h1:NQklJuOUoz1BPP+Epjw81COx7IISWslkZubz/1i0UN8=
cloud.google.com/go/privatecatalog v0.6.0 h1:Vz86uiHCtNGm1DeC32HeG2VXmOq5JRYA3VRPf8ZEcSg=
cloud.google.com/go/pubsub v1.27.1 h1:q+J/Nfr6Qx4RQeu3rJcnN48SNC0qzlYzSeqkPq93VHs=
cloud.google.com/go/pubsublite v1.5.0 h1:iqrD8vp3giTb7hI1q4TQQGj77cj8zzgmMPsTZtLnprM=
cloud.google.com/go/recaptchaenterprise/v2 v2.5.0 h1:UqzFfb/WvhwXGDF1eQtdHLrmni+iByZXY4h3w9Kdyv8=
cloud.google.com/go/recommendationengine v0.6.0 h1:6w+WxPf2LmUEqX0YyvfCoYb8aBYOcbIV25Vg6R0FLGw=
cloud.google.com/go/recommender v1.8.0 h1:9kMZQGeYfcOD/RtZfcNKGKtoex3DdoB4zRgYU/WaIwE=
cloud.google.com/go/redis v1.10.0 h1:/zTwwBKIAD2DEWTrXZp8WD9yD/gntReF/HkPssVYd0U=
cloud.google.com/go/resourcemanager v1.4.0 h1:NDao6CHMwEZIaNsdWy+tuvHaavNeGP06o1tgrR0kLvU=
cloud.google.com/go/resourcesettings v1.4.0 h1:eTzOwB13WrfF0kuzG2ZXCfB3TLunSHBur4s+HFU6uSM=
cloud.google.com/go/retail v1.11.0 h1:N9fa//ecFUOEPsW/6mJHfcapPV0wBSwIUwpVZB7MQ3o=
cloud.google.com/go/run v0.3.0 h1:AWPuzU7Xtaj3Jf+QarDWIs6AJ5hM1VFQ+F6Q+VZ6OT4=
cloud.google.com/go/scheduler v1.7.0 h1:K/mxOewgHGeKuATUJNGylT75Mhtjmx1TOkKukATqMT8=
cloud.google.com/go/secretmanager v1.9.0 h1:xE6uXljAC1kCR8iadt9+/blg1fvSbmenlsDN4fT9gqw=
cloud.google.com/go/security v1.10.0 h1:KSKzzJMyUoMRQzcz7azIgqAUqxo7rmQ5rYvimMhikqg=
cloud.google.com/go/securitycenter v1.16.0 h1:QTVtk/Reqnx2bVIZtJKm1+mpfmwRwymmNvlaFez7fQY=
cloud.google.com/go/servicecontrol v1.5.0 h1:ImIzbOu6y4jL6ob65I++QzvqgFaoAKgHOG+RU9/c4y8=
cloud.google.com/go/servicedirectory v1.7.0 h1:f7M8IMcVzO3T425AqlZbP3yLzeipsBHtRza8vVFYMhQ=
cloud.google.com/go/servicemanagement v1.5.0 h1:TpkCO5M7dhKSy1bKUD9o/sSEW/U1Gtx7opA1fsiMx0c=
cloud.google.com/go/serviceusage v1.4.0 h1:b0EwJxPJLpavSljMQh0RcdHsUrr5DQ+Nelt/3BAs5ro=
cloud.google.com/go/shell v1.4.0 h1:b1LFhFBgKsG252inyhtmsUUZwchqSz3WTvAIf3JFo4g=
cloud.google.com/go/spanner v1.41.0 h1:NvdTpRwf7DTegbfFdPjAWyD7bOVu0VeMqcvR9aCQCAc=
cloud.google.com/go/speech v1.9.0 h1:yK0ocnFH4Wsf0cMdUyndJQ/hPv02oTJOxzi6AgpBy4s=
cloud.google.com/go/storagetransfer v1.6.0 h1:fUe3OydbbvHcAYp07xY+2UpH4AermGbmnm7qdEj3tGE=
cloud.google.com/go/talent v1.4.0 h1:MrekAGxLqAeAol4Sc0allOVqUGO8j+Iim8NMvpiD7tM=
cloud.google.com/go/texttospeech v1.5.0 h1:ccPiHgTewxgyAeCWgQWvZvrLmbfQSFABTMAfrSPLPyY=
cloud.google.com/go/tpu v1.4.0 h1:ztIdKoma1Xob2qm6QwNh4Xi9/e7N3IfvtwG5AcNsj1g=
cloud.google.com/go/trace v1.4.0 h1:qO9eLn2esajC9sxpqp1YKX37nXC3L4BfGnPS0Cx9dYo=
cloud.google.com/go/translate v1.4.0 h1:AOYOH3MspzJ/bH1YXzB+xTE8fMpn3mwhLjugwGXvMPI=
cloud.google.com/go/video v1.9.0 h1:ttlvO4J5c1VGq6FkHqWPD/aH6PfdxujHt+muTJlW1Zk=
cloud.google.com/go/videointelligence v1.9.0 h1:RPFgVVXbI2b5vnrciZjtsUgpNKVtHO/WIyXUhEfuMhA=
cloud.google.com/go/vision/v2 v2.5.0 h1:TQHxRqvLMi19azwm3qYuDbEzZWmiKJNTpGbkNsfRCik=
cloud.google.com/go/vmmigration v1.3.0 h1:A2Tl2ZmwMRpvEmhV2ibISY85fmQR+Y5w9a0PlRz5P3s=
cloud.google.com/go/vmwareengine v0.1.0 h1:JMPZaOT/gIUxVlTqSl/QQ32Y2k+r0stNeM1NSqhVP9o=
cloud.google.com/go/vpcaccess v1.5.0 h1:woHXXtnW8b9gLFdWO9HLPalAddBQ9V4LT+1vjKwR3W8=
cloud.google.com/go/webrisk v1.7.0 h1:ypSnpGlJnZSXbN9a13PDmAYvVekBLnGKxQ3Q9SMwnYY=
cloud.google.com/go/websecurityscanner v1.4.0 h1:y7yIFg/h/mO+5Y5aCOtVAnpGUOgqCH5rXQ2Oc8Oq2+g=
cloud.google.com/go/workflows v1.9.0 h1:7Chpin9p50NTU8Tb7qk+I11U/IwVXmDhEoSsdccvInE=
github.com/Azure/go-ansiterm v0.0.0-20230124172434-306776ec8161 h1:L/gRVlceqvL25UVaW/CKtUDjefjrs0SPonmDGUVOYP0=
github.com/ClickHouse/ch-go v0.55.0 h1:jw4Tpx887YXrkyL5DfgUome/po8MLz92nz2heOQ6RjQ=
github.com/ClickHouse/clickhouse-go/v2 v2.9.1 h1:IeE2bwVvAba7Yw5ZKu98bKI4NpDmykEy6jUaQdJJCk8=
github.com/Microsoft/go-winio v0.6.1 h1:9/kr64B9VUZrLm5YYwbGtUJnMgqWVOdUAXu6Migciow=
github.com/Nvveen/Gotty v0.0.0-20120604004816-cd527374f1e5 h1:TngWCqHvy9oXAN6lEVMRuU21PR1EtLVZJmdB18Gu3Rw=
github.com/ProtonMail/go-crypto v0.0.0-20230417170513-8ee5748c52b5 h1:QXMwHM/lB4ZQhdEF7JUTNgYOJR/gWoFbgQ/2Aj1h3Dk=
github.com/Red-Sock/gitm8 v0.0.0-20230512142739-f951ea0435c6 h1:zTv6ocGMwhvCohpQoeAvVu2/grqc2x+UJ0yBTbBeNX0=
github.com/Red-Sock/gitm8 v0.0.0-20230512142739-f951ea0435c6/go.mod h1:7514N7aYLpAfHGXRgYvTk8NOn5NGUyVkjh54mxtKr2g=
github.com/Red-Sock/go_tg v0.0.11 h1:57oApUrNpJsDyDLA1iX1GTEFan6bfmMWetWdwBS3gr4=
github.com/Red-Sock/go_tg v0.0.11/go.mod h1:zOQ7l6ymmkFEKMVADRTYF7Ed0oGnlBUsH3MDZmnbeH8=
github.com/andybalholm/brotli v1.0.5 h1:8uQZIdzKmjc/iuPu7O2ioW48L81FgatrcpfFmiq/cCs=
github.com/cenkalti/backoff/v4 v4.2.1 h1:y4OZtCnogmCPw98Zjyt5a6+QwPLGkiQsYW5oUqylYbM=
github.com/census-instrumentation/opencensus-proto v0.4.1 h1:iKLQ0xPNFxR/2hzXZMrBo8f1j86j5WHzznCCQxV/b8g=
github.com/cespare/xxhash/v2 v2.2.0 h1:DC2CZ1Ep5Y4k3ZQ899DldepgrayRUGE6BBZ/cd9Cj44=
github.com/cloudflare/circl v1.3.2 h1:VWp8dY3yH69fdM7lM6A1+NhhVoDu9vqK0jOgmkQHFWk=
github.com/cncf/udpa/go v0.0.0-20220112060539-c52dc94e7fbe h1:QQ3GSy+MqSHxm/d8nCtnAiZdYFd45cYZPs8vOOIYKfk=
github.com/cncf/xds/go v0.0.0-20230105202645-06c439db220b h1:ACGZRIr7HsgBKHsueQ1yM4WaVaXh21ynwqsF8M8tXhA=
github.com/containerd/continuity v0.3.0 h1:nisirsYROK15TAMVukJOUyGJjz4BNQJBVsNvAXZJ/eg=
github.com/davecgh/go-spew v1.1.0/go.mod h1:J7Y8YcW2NihsgmVo/mv3lAwl/skON4iLHjSsI+c5H38=
github.com/davecgh/go-spew v1.1.1 h1:vj9j/u1bqnvCEfJOwUhtlOARqs3+rkHYY13jYWTU97c=
github.com/davecgh/go-spew v1.1.1/go.mod h1:J7Y8YcW2NihsgmVo/mv3lAwl/skON4iLHjSsI+c5H38=
github.com/docker/cli v23.0.6+incompatible h1:CScadyCJ2ZKUDpAMZta6vK8I+6/m60VIjGIV7Wg/Eu4=
github.com/docker/docker v23.0.6+incompatible h1:aBD4np894vatVX99UTx/GyOUOK4uEcROwA3+bQhEcoU=
github.com/docker/go-connections v0.4.0 h1:El9xVISelRB7BuFusrZozjnkIM5YnzCViNKohAFqRJQ=
github.com/docker/go-units v0.5.0 h1:69rxXcBk27SvSaaxTtLh/8llcHD8vYHT7WSdRZ/jvr4=
github.com/dustin/go-humanize v1.0.1 h1:GzkhY7T5VNhEkwH0PVJgjz+fX1rhBrR7pRT3mDkpeCY=
github.com/elastic/go-sysinfo v1.10.1 h1:qAfoDsw3lnShqqTHVBZbK4+PN3Lz5FBi3o9sM5n9O9s=
github.com/elastic/go-windows v1.0.1 h1:AlYZOldA+UJ0/2nBuqWdo90GFCgG9xuyw9SYzGUtJm0=
github.com/envoyproxy/go-control-plane v0.10.3 h1:xdCVXxEe0Y3FQith+0cj2irwZudqGYvecuLB1HtdexY=
github.com/envoyproxy/protoc-gen-validate v0.9.1 h1:PS7VIOgmSVhWUEeZwTe7z7zouA22Cr590PzXKbZHOVY=
github.com/fsnotify/fsnotify v1.4.7/go.mod h1:jwhsz4b93w/PPRr/qN1Yymfu8t87LnFCMoQvtojpjFo=
github.com/fsnotify/fsnotify v1.4.9 h1:hsms1Qyu0jgnwNXIxa+/V/PDsU6CfLf6CNO8H7IWoS4=
github.com/fsnotify/fsnotify v1.4.9/go.mod h1:znqG4EE+3YCdAaPaxE2ZRY/06pZUdp0tY4IgpuI1SZQ=
github.com/go-faster/city v1.0.1 h1:4WAxSZ3V2Ws4QRDrscLEDcibJY8uf41H6AhXDrNDcGw=
github.com/go-faster/errors v0.6.1 h1:nNIPOBkprlKzkThvS/0YaX8Zs9KewLCOSFQS5BU06FI=
github.com/go-logr/logr v1.2.3 h1:2DntVwHkVopvECVRSlL5PSo9eG+cAkDCuckLubN+rq0=
github.com/go-redis/redis v6.15.9+incompatible h1:K0pv1D7EQUjfyoMql+r/jZqCLizCGKFlFgcHWWmHQjg=
github.com/go-redis/redis v6.15.9+incompatible/go.mod h1:NAIEuMOZ/fxfXJIrKDQDz8wamY7mA7PouImQ2Jvg6kA=
github.com/go-sql-driver/mysql v1.7.1 h1:lUIinVbN1DY0xBg0eMOzmmtGoHwWBbvnWubQUrtU8EI=
github.com/go-task/slim-sprig v0.0.0-20210107165309-348f09dbbbc0 h1:p104kn46Q8WdvHunIJ9dAyjPVtrBPhSr3KT2yUst43I=
github.com/go-task/slim-sprig v0.0.0-20210107165309-348f09dbbbc0/go.mod h1:fyg7847qk6SyHyPtNmDHnmrv/HOrqktSC+C9fM+CJOE=
github.com/go-telegram-bot-api/telegram-bot-api/v5 v5.5.1 h1:wG8n/XJQ07TmjbITcGiUaOtXxdrINDz1b0J1w0SzqDc=
github.com/go-telegram-bot-api/telegram-bot-api/v5 v5.5.1/go.mod h1:A2S0CWkNylc2phvKXWBBdD3K0iGnDBGbzRpISP2zBl8=
github.com/gogo/protobuf v1.3.2 h1:Ov1cvc58UF3b5XjBnZv7+opcTcQFZebYjWzi34vdm4Q=
github.com/golang-sql/civil v0.0.0-20220223132316-b832511892a9 h1:au07oEsX2xN0ktxqI+Sida1w446QrXBRJ0nee3SNZlA=
github.com/golang-sql/sqlexp v0.1.0 h1:ZCD6MBpcuOVfGVqsEmY5/4FtYiKz6tSyUv9LPEDei6A=
github.com/golang/glog v1.0.0 h1:nfP3RFugxnNRyKgeWd4oI1nYvXpxrx8ck8ZrcizshdQ=
github.com/golang/protobuf v1.2.0/go.mod h1:6lQm79b+lXiMfvg/cZm0SGofjICqVBUtrP5yJMmIC1U=
github.com/golang/protobuf v1.4.0-rc.1/go.mod h1:ceaxUfeHdC40wWswd/P6IGgMaK3YpKi5j83Wpe3EHw8=
github.com/golang/protobuf v1.4.0-rc.1.0.20200221234624-67d41d38c208/go.mod h1:xKAWHe0F5eneWXFV3EuXVDTCmh+JuBKY0li0aMyXATA=
github.com/golang/protobuf v1.4.0-rc.2/go.mod h1:LlEzMj4AhA7rCAGe4KMBDvJI+AwstrUpVNzEA03Pprs=
github.com/golang/protobuf v1.4.0-rc.4.0.20200313231945-b860323f09d0/go.mod h1:WU3c8KckQ9AFe+yFwt9sWVRKCVIyN9cPHBJSNnbL67w=
github.com/golang/protobuf v1.4.0/go.mod h1:jodUvKwWbYaEsadDk5Fwe5c77LiNKVO9IDvqG2KuDX0=
github.com/golang/protobuf v1.4.2/go.mod h1:oDoupMAO8OvCJWAcko0GGGIgR6R6ocIYbsSw735rRwI=
github.com/golang/protobuf v1.5.0/go.mod h1:FsONVRAS9T7sI+LIUmWTfcYkHO4aIWwzhcaSAoJOfIk=
github.com/golang/protobuf v1.5.3 h1:KhyjKVUg7Usr/dYsdSqoFveMYd5ko72D+zANwlG1mmg=
github.com/golang/protobuf v1.5.3/go.mod h1:XVQd3VNwM+JqD3oG2Ue2ip4fOMUkwXdXDdiuN0vRsmY=
github.com/google/go-cmp v0.3.0/go.mod h1:8QqcDgzrUqlUb/G2PQTWiueGozuR1884gddMywk6iLU=
github.com/google/go-cmp v0.3.1/go.mod h1:8QqcDgzrUqlUb/G2PQTWiueGozuR1884gddMywk6iLU=
github.com/google/go-cmp v0.4.0/go.mod h1:v8dTdLbMG2kIc/vJvl+f65V22dbkXbowE6jgT/gNBxE=
github.com/google/go-cmp v0.5.5/go.mod h1:v8dTdLbMG2kIc/vJvl+f65V22dbkXbowE6jgT/gNBxE=
github.com/google/go-cmp v0.5.9 h1:O2Tfq5qg4qc4AmwVlvv0oLiVAGB7enBSJ2x2DqQFi38=
github.com/google/go-github/v50 v50.2.1-0.20230401171619-b1c53f808b22 h1:sDmWhlmUooV4bZ4RNih5b0l74lBORtmuxEr/bzsKqew=
github.com/google/go-querystring v1.1.0 h1:AnCroh3fv4ZBgVIf1Iwtovgjaw/GiKJo8M8yD/fhyJ8=
github.com/google/shlex v0.0.0-20191202100458-e7afc7fbc510 h1:El6M4kTTCOh6aBiKaUGG7oYTSPP8MxqL4YI3kZKwcP4=
github.com/google/uuid v1.3.0 h1:t6JiXgmwXMjEs8VusXIJk2BXHsn+wx8BZdTaoZ5fu7I=
github.com/gorilla/mux v1.8.0 h1:i40aqfkR1h2SlN9hojwV5ZA91wcXFOvkdNIeFDP5koI=
github.com/gorilla/mux v1.8.0/go.mod h1:DVbg23sWSpFRCP0SfiEN6jmj59UnW/n46BH5rLB71So=
github.com/hpcloud/tail v1.0.0 h1:nfCOvKYfkgYP8hkirhJocXT2+zOD8yUNjXaWfTlyFKI=
github.com/hpcloud/tail v1.0.0/go.mod h1:ab1qPbhIpdTxEkNHXyeSf5vhxWSCs/tWer42PpOxQnU=
github.com/imdario/mergo v0.3.15 h1:M8XP7IuFNsqUx6VPK2P9OSmsYsI/YFaGil0uD21V3dM=
github.com/jackc/pgpassfile v1.0.0 h1:/6Hmqy13Ss2zCq62VdNG8tM1wchn8zjSGOBJ6icpsIM=
github.com/jackc/pgpassfile v1.0.0/go.mod h1:CEx0iS5ambNFdcRtxPj5JhEz+xB6uRky5eyVu/W2HEg=
github.com/jackc/pgservicefile v0.0.0-20221227161230-091c0ba34f0a h1:bbPeKD0xmW/Y25WS6cokEszi5g+S0QxI/d45PkRi7Nk=
github.com/jackc/pgservicefile v0.0.0-20221227161230-091c0ba34f0a/go.mod h1:5TJZWKEWniPve33vlWYSoGYefn3gLQRzjfDlhSJ9ZKM=
github.com/jackc/pgx/v5 v5.3.1 h1:Fcr8QJ1ZeLi5zsPZqQeUZhNhxfkkKBOgJuYkJHoBOtU=
github.com/jackc/pgx/v5 v5.3.1/go.mod h1:t3JDKnCBlYIc0ewLF0Q7B8MXmoIaBOZj/ic7iHozM/8=
github.com/jackc/puddle/v2 v2.2.0 h1:RdcDk92EJBuBS55nQMMYFXTxwstHug4jkhT5pq8VxPk=
github.com/joeshaw/multierror v0.0.0-20140124173710-69b34d4ec901 h1:rp+c0RAYOWj8l6qbCUTSiRLG/iKnW3K3/QfPPuSsBt4=
github.com/kballard/go-shellquote v0.0.0-20180428030007-95032a82bc51 h1:Z9n2FFNUXsshfwJMBgNA0RU6/i7WVaAegv3PtuIHPMs=
github.com/klauspost/compress v1.16.5 h1:IFV2oUNUzZaz+XyusxpLzpzS8Pt5rh0Z16For/djlyI=
github.com/kr/pretty v0.3.0 h1:WgNl7dwNpEZ6jJ9k1snq4pZsg7DOEN8hP9Xw0Tsjwk0=
github.com/kr/text v0.2.0 h1:5Nx0Ya0ZqY2ygV366QzturHI13Jq95ApcVaJBhpS+AY=
github.com/lib/pq v1.10.9 h1:YXG7RB+JIjhP29X+OtkiDnYaXQwpS4JEWq7dtCCRUEw=
github.com/mattn/go-isatty v0.0.18 h1:DOKFKCQ7FNG2L1rbrmstDN4QVRdS89Nkh85u68Uwp98=
github.com/microsoft/go-mssqldb v0.21.0 h1:p2rpHIL7TlSv1QrbXJUAcbyRKnIT0C9rRkH2E4OjLn8=
github.com/mitchellh/mapstructure v1.5.0 h1:jeMsZIYE/09sWLaz43PL7Gy6RuMjD2eJVyuac5Z2hdY=
github.com/moby/term v0.5.0 h1:xt8Q1nalod/v7BqbG21f8mQPqH+xAaC9C3N3wfWbVP0=
github.com/nxadm/tail v1.4.4/go.mod h1:kenIhsEOeOJmVchQTgglprH7qJGnHDVpk1VPCcaMI8A=
github.com/nxadm/tail v1.4.8 h1:nPr65rt6Y5JFSKQO7qToXr7pePgD6Gwiw05lkbyAQTE=
github.com/nxadm/tail v1.4.8/go.mod h1:+ncqLTQzXmGhMZNUePPaPqPvBxHAIsmXswZKocGu+AU=
github.com/onsi/ginkgo v1.6.0/go.mod h1:lLunBs/Ym6LB5Z9jYTR76FiuTmxDTDusOGeTQH+WWjE=
github.com/onsi/ginkgo v1.12.1/go.mod h1:zj2OWP4+oCPe1qIXoGWkgMRwljMUYCdkwsT2108oapk=
github.com/onsi/ginkgo v1.16.5 h1:8xi0RTUf59SOSfEtZMvwTvXYMzG4gV23XVHOZiXNtnE=
github.com/onsi/ginkgo v1.16.5/go.mod h1:+E8gABHa3K6zRBolWtd+ROzc/U5bkGt0FwiG042wbpU=
github.com/onsi/ginkgo/v2 v2.5.0 h1:TRtrvv2vdQqzkwrQ1ke6vtXf7IK34RBUJafIy1wMwls=
github.com/onsi/gomega v1.7.1/go.mod h1:XdKZgCCFLUoM/7CFJVPcG8C1xQ1AJ0vpAezJrB7JYyY=
github.com/onsi/gomega v1.10.1/go.mod h1:iN09h71vgCQne3DLsj+A5owkum+a2tYe+TOCB1ybHNo=
github.com/onsi/gomega v1.24.1 h1:KORJXNNTzJXzu4ScJWssJfJMnJ+2QJqhoQSRwNlze9E=
github.com/onsi/gomega v1.24.1/go.mod h1:3AOiACssS3/MajrniINInwbfOOtfZvplPzuRSmvt1jM=
github.com/opencontainers/go-digest v1.0.0 h1:apOUWs51W5PlhuyGyz9FCeeBIOUDA/6nW8Oi/yOhh5U=
github.com/opencontainers/image-spec v1.1.0-rc3 h1:fzg1mXZFj8YdPeNkRXMg+zb88BFV0Ys52cJydRwBkb8=
github.com/opencontainers/runc v1.1.7 h1:y2EZDS8sNng4Ksf0GUYNhKbTShZJPJg1FiXJNH/uoCk=
github.com/ory/dockertest/v3 v3.10.0 h1:4K3z2VMe8Woe++invjaTB7VRyQXQy5UY+loujO4aNE4=
github.com/paulmach/orb v0.9.2 h1:p/YWV2uJwamAynnDOJGNbPBVtDHj3vG51k9tR1rFwJE=
github.com/pierrec/lz4/v4 v4.1.17 h1:kV4Ip+/hUBC+8T6+2EgburRtkE9ef4nbY3f4dFhGjMc=
github.com/pkg/errors v0.9.1 h1:FEBLx1zS214owpjy7qsBeixbURkuhQAwrK5UwLGTwt4=
github.com/pkg/errors v0.9.1/go.mod h1:bwawxfHBFNV+L2hUp1rHADufV3IMtnDRdf1r5NINEl0=
github.com/pmezard/go-difflib v1.0.0 h1:4DBwDE0NGyQoBHbLQYPwSUPoCMWR5BEzIk/f1lZbAQM=
github.com/pmezard/go-difflib v1.0.0/go.mod h1:iKH77koFhYxTK1pcRnkKkqfTogsbg7gZNVY4sRDYZ/4=
github.com/pressly/goose/v3 v3.11.2 h1:QgTP45FhBBHdmf7hWKlbWFHtwPtxo0phSDkwDKGUrYs=
github.com/pressly/goose/v3 v3.11.2/go.mod h1:LWQzSc4vwfHA/3B8getTp8g3J5Z8tFBxgxinmGlMlJk=
github.com/prometheus/procfs v0.9.0 h1:wzCHvIvM5SxWqYvwgVL7yJY8Lz3PKn49KQtpgMYJfhI=
github.com/remyoudompheng/bigfft v0.0.0-20230129092748-24d4a6f8daec h1:W09IVJc94icq4NjY3clb7Lk8O1qJ8BdBEF8z0ibU0rE=
github.com/rogpeppe/go-internal v1.10.0 h1:TMyTOH3F/DB16zRVcYyreMH6GnZZrwQVAoYjRBZyWFQ=
github.com/segmentio/asm v1.2.0 h1:9BQrFxC+YOHJlTlHGkTrFWf59nbL3XnCoFLTwDCI7ys=
github.com/shopspring/decimal v1.3.1 h1:2Usl1nmF/WZucqkFZhnfFYxxxu8LG21F6nPQBE5gKV8=
github.com/sirupsen/logrus v1.9.0 h1:trlNQbNUG3OdDrDil03MCb1H2o9nJ1x4/5LYw7byDE0=
github.com/sirupsen/logrus v1.9.0/go.mod h1:naHLuLoDiP4jHNo9R0sCBMtWGeIprob74mVsIT4qYEQ=
github.com/stretchr/objx v0.1.0 h1:4G4v2dO3VZwixGIRoQ5Lfboy6nUhCyYzaqnIAPPhYs4=
github.com/stretchr/objx v0.1.0/go.mod h1:HFkY916IF+rwdDfMAkV7OtwuqBVzrE8GR6GFx+wExME=
github.com/stretchr/testify v1.3.0/go.mod h1:M5WIy9Dh21IEIfnGCwXGc5bZfKNJtfHm1UVUgZn+9EI=
github.com/stretchr/testify v1.5.1/go.mod h1:5W2xD1RspED5o8YsWQXVCued0rvSQ+mT+I5cxcmMvtA=
github.com/stretchr/testify v1.7.0/go.mod h1:6Fq8oRcR53rry900zMqJjRRixrwX3KX962/h/Wwjteg=
github.com/stretchr/testify v1.8.1 h1:w7B6lhMri9wdJUVmEZPGGhZzrYTPvgJArz7wNPgYKsk=
github.com/vertica/vertica-sql-go v1.3.2 h1:QclPnkuozQyNl6lbrTdeuFSx2/lcSRZc1XL8zWNSjdA=
github.com/xeipuuv/gojsonpointer v0.0.0-20190905194746-02993c407bfb h1:zGWFAtiMcyryUHoUjUJX0/lt1H2+i2Ka2n+D3DImSNo=
github.com/xeipuuv/gojsonreference v0.0.0-20180127040603-bd5ef7bd5415 h1:EzJWgHovont7NscjpAxXsDA8S8BMYve8Y5+7cuRE7R0=
github.com/xeipuuv/gojsonschema v1.2.0 h1:LhYJRs+L4fBtjZUfuSZIKGeVu0QRy8e5Xi7D17UxZ74=
github.com/yuin/goldmark v1.2.1 h1:ruQGxdhGHe7FWOJPT0mKs5+pD2Xs1Bm/kdGlHO04FmM=
github.com/yuin/goldmark v1.2.1/go.mod h1:3hX8gzYuyVAZsxl0MRgGTJEmQBFcNTphYh9decYSb74=
github.com/ziutek/mymysql v1.5.4 h1:GB0qdRGsTwQSBVYuVShFBKaXSnSnYYC2d9knnE1LHFs=
go.opentelemetry.io/otel v1.15.1 h1:3Iwq3lfRByPaws0f6bU3naAqOR1n5IeDWd9390kWHa8=
go.opentelemetry.io/otel/trace v1.15.1 h1:uXLo6iHJEzDfrNC0L0mNjItIp06SyaBQxu5t3xMlngY=
golang.org/x/crypto v0.0.0-20190308221718-c2843e01d9a2/go.mod h1:djNgcEr1/C05ACkg1iLfiJU5Ep61QUkGW8qpdssI0+w=
golang.org/x/crypto v0.0.0-20191011191535-87dc89f01550/go.mod h1:yigFU9vqHzYiE8UmvKecakEJjdnWj3jj499lnFckfCI=
golang.org/x/crypto v0.0.0-20200622213623-75b288015ac9/go.mod h1:LzIPMQfyMNhhGPhUkYOs5KpL4U8rLKemX1yGLhDgUto=
golang.org/x/crypto v0.8.0 h1:pd9TJtTueMTVQXzk8E2XESSMQDj/U7OUu0PqJqPXQjQ=
golang.org/x/crypto v0.8.0/go.mod h1:mRqEX+O9/h5TFCrQhkgjo2yKi0yYA+9ecGkdQoHrywE=
golang.org/x/exp v0.0.0-20230420155640-133eef4313cb h1:rhjz/8Mbfa8xROFiH+MQphmAmgqRM0bOMnytznhWEXk=
golang.org/x/exp v0.0.0-20230420155640-133eef4313cb/go.mod h1:V1LtkGg67GoY2N1AnLN78QLrzxkLyJw7RJb1gzOOz9w=
golang.org/x/mod v0.3.0/go.mod h1:s0Qsj1ACt9ePp/hMypM3fl4fZqREWJwdYDEqhRiZZUA=
golang.org/x/mod v0.10.0 h1:lFO9qtOdlre5W1jxS3r/4szv2/6iXxScdzjoBMXNhYk=
golang.org/x/net v0.0.0-20180906233101-161cd47e91fd/go.mod h1:mL1N/T3taQHkDXs73rZJwtUhF3w3ftmwwsq0BUmARs4=
golang.org/x/net v0.0.0-20190404232315-eb5bcb51f2a3/go.mod h1:t9HGtf8HONx5eT2rtn7q6eTqICYqUVnKs3thJo3Qplg=
golang.org/x/net v0.0.0-20190620200207-3b0461eec859/go.mod h1:z5CRVTTTmAJ677TzLLGU+0bjPO0LkuOLi4/5GtJWs/s=
golang.org/x/net v0.0.0-20200520004742-59133d7f0dd7/go.mod h1:qpuaurCH72eLCgpAm/N6yyVIVM9cpaDIP3A8BGJEC5A=
golang.org/x/net v0.0.0-20201021035429-f5854403a974/go.mod h1:sp8m0HH+o8qH0wwXwYZr8TS3Oi6o0r6Gce1SSxlDquU=
golang.org/x/net v0.9.0 h1:aWJ/m6xSmxWBx+V0XRHTlrYrPG56jKsLdTFmsSsCzOM=
golang.org/x/net v0.9.0/go.mod h1:d48xBJpPfHeWQsugry2m+kC02ZBRGRgulfHnEXEuWns=
golang.org/x/oauth2 v0.7.0 h1:qe6s0zUXlPX80/dITx3440hWZ7GwMwgDDyrSGTPJG/g=
golang.org/x/sync v0.0.0-20180314180146-1d60e4601c6f/go.mod h1:RxMgew5VJxzue5/jJTE5uejpjVlOe/izrB70Jof72aM=
golang.org/x/sync v0.0.0-20190423024810-112230192c58/go.mod h1:RxMgew5VJxzue5/jJTE5uejpjVlOe/izrB70Jof72aM=
golang.org/x/sync v0.0.0-20201020160332-67f06af15bc9/go.mod h1:RxMgew5VJxzue5/jJTE5uejpjVlOe/izrB70Jof72aM=
golang.org/x/sync v0.1.0 h1:wsuoTGHzEhffawBOhz5CYhcrV4IdKZbEyZjBMuTp12o=
golang.org/x/sys v0.0.0-20180909124046-d0be0721c37e/go.mod h1:STP8DvDyc/dI5b8T5hshtkjS+E42TnysNCUPdjciGhY=
golang.org/x/sys v0.0.0-20190215142949-d0b11bdaac8a/go.mod h1:STP8DvDyc/dI5b8T5hshtkjS+E42TnysNCUPdjciGhY=
golang.org/x/sys v0.0.0-20190412213103-97732733099d/go.mod h1:h1NjWce9XRLGQEsW7wpKNCjG9DtNlClVuFLEZdDNbEs=
golang.org/x/sys v0.0.0-20190904154756-749cb33beabd/go.mod h1:h1NjWce9XRLGQEsW7wpKNCjG9DtNlClVuFLEZdDNbEs=
golang.org/x/sys v0.0.0-20191005200804-aed5e4c7ecf9/go.mod h1:h1NjWce9XRLGQEsW7wpKNCjG9DtNlClVuFLEZdDNbEs=
golang.org/x/sys v0.0.0-20191120155948-bd437916bb0e/go.mod h1:h1NjWce9XRLGQEsW7wpKNCjG9DtNlClVuFLEZdDNbEs=
golang.org/x/sys v0.0.0-20200323222414-85ca7c5b95cd/go.mod h1:h1NjWce9XRLGQEsW7wpKNCjG9DtNlClVuFLEZdDNbEs=
golang.org/x/sys v0.0.0-20200930185726-fdedc70b468f/go.mod h1:h1NjWce9XRLGQEsW7wpKNCjG9DtNlClVuFLEZdDNbEs=
golang.org/x/sys v0.0.0-20210112080510-489259a85091/go.mod h1:h1NjWce9XRLGQEsW7wpKNCjG9DtNlClVuFLEZdDNbEs=
golang.org/x/sys v0.0.0-20220715151400-c0bba94af5f8/go.mod h1:oPkhp1MJrh7nUepCBck5+mAzfO9JrbApNNgaTdGDITg=
golang.org/x/sys v0.8.0 h1:EBmGv8NaZBZTWvrbjNoL6HVt+IVy3QDQpJs7VRIw3tU=
golang.org/x/sys v0.8.0/go.mod h1:oPkhp1MJrh7nUepCBck5+mAzfO9JrbApNNgaTdGDITg=
golang.org/x/term v0.7.0 h1:BEvjmm5fURWqcfbSKTdpkDXYBrUS1c0m8agp14W48vQ=
golang.org/x/text v0.3.0/go.mod h1:NqM8EUOU14njkJ3fqMW+pc6Ldnwhi/IjpwHt7yyuwOQ=
golang.org/x/text v0.3.3/go.mod h1:5Zoc/QRtKVWzQhOtBMvqHzDpF6irO9z98xDceosuGiQ=
golang.org/x/text v0.9.0 h1:2sjJmO8cDvYveuX97RDLsxlyUxLl+GHoLxBiRdHllBE=
golang.org/x/text v0.9.0/go.mod h1:e1OnstbJyHTd6l/uOt8jFFHp6TRDWZR/bV3emEE/zU8=
golang.org/x/tools v0.0.0-20180917221912-90fa682c2a6e/go.mod h1:n7NCudcB/nEzxVGmLbDWY5pfWTLqBcC2KZ6jyYvM4mQ=
golang.org/x/tools v0.0.0-20191119224855-298f0cb1881e/go.mod h1:b+2E5dAYhXwXZwtnZ6UAqBI28+e2cm9otk0dWdXHAEo=
golang.org/x/tools v0.0.0-20201224043029-2b0845dc783e/go.mod h1:emZCQorbCU4vsT4fOWvOPXz4eW1wZW4PmDk9uLelYpA=
golang.org/x/tools v0.8.0 h1:vSDcovVPld282ceKgDimkRSC8kpaH1dgyc9UMzlt84Y=
golang.org/x/xerrors v0.0.0-20190717185122-a985d3407aa7/go.mod h1:I/5z698sn9Ka8TeJc9MKroUUfqBBauWjQqLJ2OPfmY0=
golang.org/x/xerrors v0.0.0-20191011141410-1b5146add898/go.mod h1:I/5z698sn9Ka8TeJc9MKroUUfqBBauWjQqLJ2OPfmY0=
golang.org/x/xerrors v0.0.0-20191204190536-9bdfabe68543/go.mod h1:I/5z698sn9Ka8TeJc9MKroUUfqBBauWjQqLJ2OPfmY0=
golang.org/x/xerrors v0.0.0-20200804184101-5ec99f83aff1 h1:go1bK/D/BFZV2I8cIQd1NKEZ+0owSTG1fDTci4IqFcE=
golang.org/x/xerrors v0.0.0-20200804184101-5ec99f83aff1/go.mod h1:I/5z698sn9Ka8TeJc9MKroUUfqBBauWjQqLJ2OPfmY0=
google.golang.org/appengine v1.6.7 h1:FZR1q0exgwxzPzp/aF+VccGrSfxfPpkBqjIIEq3ru6c=
google.golang.org/genproto v0.0.0-20230110181048-76db0878b65f h1:BWUVssLB0HVOSY78gIdvk1dTVYtT1y8SBWtPYuTJ/6w=
google.golang.org/genproto v0.0.0-20230110181048-76db0878b65f/go.mod h1:RGgjbofJ8xD9Sq1VVhDM1Vok1vRONV+rg+CjzG4SZKM=
google.golang.org/grpc v1.54.0 h1:EhTqbhiYeixwWQtAEZAxmV9MGqcjEU2mFx52xCzNyag=
google.golang.org/grpc v1.54.0/go.mod h1:PUSEXI6iWghWaB6lXM4knEgpJNu2qUcKfDtNci3EC2g=
google.golang.org/protobuf v0.0.0-20200109180630-ec00e32a8dfd/go.mod h1:DFci5gLYBciE7Vtevhsrf46CRTquxDuWsQurQQe4oz8=
google.golang.org/protobuf v0.0.0-20200221191635-4d8936d0db64/go.mod h1:kwYJMbMJ01Woi6D6+Kah6886xMZcty6N08ah7+eCXa0=
google.golang.org/protobuf v0.0.0-20200228230310-ab0ca4ff8a60/go.mod h1:cfTl7dwQJ+fmap5saPgwCLgHXTUD7jkjRqWcaiX5VyM=
google.golang.org/protobuf v1.20.1-0.20200309200217-e05f789c0967/go.mod h1:A+miEFZTKqfCUM6K7xSMQL9OKL/b6hQv+e19PK+JZNE=
google.golang.org/protobuf v1.21.0/go.mod h1:47Nbq4nVaFHyn7ilMalzfO3qCViNmqZ2kzikPIcrTAo=
google.golang.org/protobuf v1.23.0/go.mod h1:EGpADcykh3NcUnDUJcl1+ZksZNG86OlYog2l/sGQquU=
google.golang.org/protobuf v1.26.0-rc.1/go.mod h1:jlhhOSvTdKEhbULTjvd4ARK9grFBp09yW+WbY/TyQbw=
google.golang.org/protobuf v1.26.0/go.mod h1:9q0QmTI4eRPtz6boOQmLYwt+qCgq0jsYwAQnmE0givc=
google.golang.org/protobuf v1.30.0 h1:kPPoIgf3TsEvrm0PFe15JQ+570QVxYzEvvHqChK+cng=
google.golang.org/protobuf v1.30.0/go.mod h1:HV8QOd/L58Z+nl8r43ehVNZIU/HEI6OcFqwMG9pJV4I=
gopkg.in/check.v1 v0.0.0-20161208181325-20d25e280405/go.mod h1:Co6ibVJAznAaIkqp8huTwlJQCZ016jof/cbN4VW5Yz0=
gopkg.in/check.v1 v1.0.0-20201130134442-10cb98267c6c h1:Hei/4ADfdWqJk1ZMxUNpqntNwaWcugrBjAiHlqqRiVk=
gopkg.in/fsnotify.v1 v1.4.7 h1:xOHLXZwVvI9hhs+cLKq5+I5onOuwQLhQwiu63xxlHs4=
gopkg.in/fsnotify.v1 v1.4.7/go.mod h1:Tz8NjZHkW78fSQdbUxIjBTcgA1z1m8ZHf0WmKUhAMys=
gopkg.in/tomb.v1 v1.0.0-20141024135613-dd632973f1e7 h1:uRGJdciOHaEIrze2W8Q3AKkepLTh2hOroT7a+7czfdQ=
gopkg.in/tomb.v1 v1.0.0-20141024135613-dd632973f1e7/go.mod h1:dt/ZhP58zS4L8KSrWDmTeBkI65Dw0HsyUHuEVlX15mw=
gopkg.in/yaml.v2 v2.2.2/go.mod h1:hI93XBmqTisBFMUTm0b8Fm+jr3Dg1NNxqwp+5A1VGuI=
gopkg.in/yaml.v2 v2.2.4/go.mod h1:hI93XBmqTisBFMUTm0b8Fm+jr3Dg1NNxqwp+5A1VGuI=
gopkg.in/yaml.v2 v2.3.0/go.mod h1:hI93XBmqTisBFMUTm0b8Fm+jr3Dg1NNxqwp+5A1VGuI=
gopkg.in/yaml.v2 v2.4.0 h1:D8xgwECY7CYvx+Y2n4sBz93Jn9JRvxdiyyo8CTfuKaY=
gopkg.in/yaml.v3 v3.0.0-20200313102051-9f266ea9e77c/go.mod h1:K4uyk7z7BCEPqu6E+C64Yfv1cQ7kz7rIZviUmN+EgEM=
gopkg.in/yaml.v3 v3.0.1 h1:fxVm/GzAzEWqLHuvctI91KS9hhNmmWOoWu0XTYJS7CA=
gopkg.in/yaml.v3 v3.0.1/go.mod h1:K4uyk7z7BCEPqu6E+C64Yfv1cQ7kz7rIZviUmN+EgEM=
howett.net/plist v1.0.0 h1:7CrbWYbPPO/PyNy38b2EB/+gYbjCe2DXBxgtOOZbSQM=
lukechampine.com/uint128 v1.3.0 h1:cDdUVfRwDUDovz610ABgFD17nXD4/uDgVHl2sC3+sbo=
modernc.org/cc/v3 v3.40.0 h1:P3g79IUS/93SYhtoeaHW+kRCIrYaxJ27MFPv+7kaTOw=
modernc.org/ccgo/v3 v3.16.13 h1:Mkgdzl46i5F/CNR/Kj80Ri59hC8TKAhZrYSaqvkwzUw=
modernc.org/libc v1.22.5 h1:91BNch/e5B0uPbJFgqbxXuOnxBQjlS//icfQEGmvyjE=
modernc.org/mathutil v1.5.0 h1:rV0Ko/6SfM+8G+yKiyI830l3Wuz1zRutdslNoQ0kfiQ=
modernc.org/memory v1.5.0 h1:N+/8c5rE6EqugZwHii4IFsaJ7MUhoWX07J5tC/iI5Ds=
modernc.org/opt v0.1.3 h1:3XOZf2yznlhC+ibLltsDGzABUGVx8J6pnFMS3E4dcq4=
modernc.org/sqlite v1.22.1 h1:P2+Dhp5FR1RlVRkQ3dDfCiv3Ok8XPxqpe70IjYVA9oE=
modernc.org/strutil v1.1.3 h1:fNMm+oJklMGYfU9Ylcywl0CO5O6nTfaowNsh2wpPjzY=
modernc.org/token v1.1.0 h1:Xl7Ap9dKaEs5kLoOQeQmPWevfnk/DM5qcLcYlA8ys6Y=
